
Microsoft Visual Studio Solution File, Format Version 12.00
# Visual Studio Version 16
VisualStudioVersion = 16.0.30114.105
MinimumVisualStudioVersion = 10.0.40219.1
Project("{FAE04EC0-301F-11D3-BF4B-00C04F79EFBC}") = "Domain", "Domain\Domain.csproj", "{EB00F381-D526-471A-9C37-3ADCF3C0BD1B}"
EndProject
Project("{FAE04EC0-301F-11D3-BF4B-00C04F79EFBC}") = "Application", "Application\Application.csproj", "{A8C57703-69E2-49AA-B447-077470CC8210}"
EndProject
Project("{FAE04EC0-301F-11D3-BF4B-00C04F79EFBC}") = "Persistence", "Persistence\Persistence.csproj", "{225414C9-CDBC-4411-B2E2-7AAB37FB143F}"
EndProject
Project("{FAE04EC0-301F-11D3-BF4B-00C04F79EFBC}") = "API", "API\API.csproj", "{54BCC52D-09D9-469F-B565-09FEAF528006}"
EndProject
Global
	GlobalSection(SolutionConfigurationPlatforms) = preSolution
		Debug|Any CPU = Debug|Any CPU
		Debug|x64 = Debug|x64
		Debug|x86 = Debug|x86
		Release|Any CPU = Release|Any CPU
		Release|x64 = Release|x64
		Release|x86 = Release|x86
	EndGlobalSection
	GlobalSection(SolutionProperties) = preSolution
		HideSolutionNode = FALSE
	EndGlobalSection
	GlobalSection(ProjectConfigurationPlatforms) = postSolution
		{EB00F381-D526-471A-9C37-3ADCF3C0BD1B}.Debug|Any CPU.ActiveCfg = Debug|Any CPU
		{EB00F381-D526-471A-9C37-3ADCF3C0BD1B}.Debug|Any CPU.Build.0 = Debug|Any CPU
		{EB00F381-D526-471A-9C37-3ADCF3C0BD1B}.Debug|x64.ActiveCfg = Debug|Any CPU
		{EB00F381-D526-471A-9C37-3ADCF3C0BD1B}.Debug|x64.Build.0 = Debug|Any CPU
		{EB00F381-D526-471A-9C37-3ADCF3C0BD1B}.Debug|x86.ActiveCfg = Debug|Any CPU
		{EB00F381-D526-471A-9C37-3ADCF3C0BD1B}.Debug|x86.Build.0 = Debug|Any CPU
		{EB00F381-D526-471A-9C37-3ADCF3C0BD1B}.Release|Any CPU.ActiveCfg = Release|Any CPU
		{EB00F381-D526-471A-9C37-3ADCF3C0BD1B}.Release|Any CPU.Build.0 = Release|Any CPU
		{EB00F381-D526-471A-9C37-3ADCF3C0BD1B}.Release|x64.ActiveCfg = Release|Any CPU
		{EB00F381-D526-471A-9C37-3ADCF3C0BD1B}.Release|x64.Build.0 = Release|Any CPU
		{EB00F381-D526-471A-9C37-3ADCF3C0BD1B}.Release|x86.ActiveCfg = Release|Any CPU
		{EB00F381-D526-471A-9C37-3ADCF3C0BD1B}.Release|x86.Build.0 = Release|Any CPU
		{A8C57703-69E2-49AA-B447-077470CC8210}.Debug|Any CPU.ActiveCfg = Debug|Any CPU
		{A8C57703-69E2-49AA-B447-077470CC8210}.Debug|Any CPU.Build.0 = Debug|Any CPU
		{A8C57703-69E2-49AA-B447-077470CC8210}.Debug|x64.ActiveCfg = Debug|Any CPU
		{A8C57703-69E2-49AA-B447-077470CC8210}.Debug|x64.Build.0 = Debug|Any CPU
		{A8C57703-69E2-49AA-B447-077470CC8210}.Debug|x86.ActiveCfg = Debug|Any CPU
		{A8C57703-69E2-49AA-B447-077470CC8210}.Debug|x86.Build.0 = Debug|Any CPU
		{A8C57703-69E2-49AA-B447-077470CC8210}.Release|Any CPU.ActiveCfg = Release|Any CPU
		{A8C57703-69E2-49AA-B447-077470CC8210}.Release|Any CPU.Build.0 = Release|Any CPU
		{A8C57703-69E2-49AA-B447-077470CC8210}.Release|x64.ActiveCfg = Release|Any CPU
		{A8C57703-69E2-49AA-B447-077470CC8210}.Release|x64.Build.0 = Release|Any CPU
		{A8C57703-69E2-49AA-B447-077470CC8210}.Release|x86.ActiveCfg = Release|Any CPU
		{A8C57703-69E2-49AA-B447-077470CC8210}.Release|x86.Build.0 = Release|Any CPU
		{225414C9-CDBC-4411-B2E2-7AAB37FB143F}.Debug|Any CPU.ActiveCfg = Debug|Any CPU
		{225414C9-CDBC-4411-B2E2-7AAB37FB143F}.Debug|Any CPU.Build.0 = Debug|Any CPU
		{225414C9-CDBC-4411-B2E2-7AAB37FB143F}.Debug|x64.ActiveCfg = Debug|Any CPU
		{225414C9-CDBC-4411-B2E2-7AAB37FB143F}.Debug|x64.Build.0 = Debug|Any CPU
		{225414C9-CDBC-4411-B2E2-7AAB37FB143F}.Debug|x86.ActiveCfg = Debug|Any CPU
		{225414C9-CDBC-4411-B2E2-7AAB37FB143F}.Debug|x86.Build.0 = Debug|Any CPU
		{225414C9-CDBC-4411-B2E2-7AAB37FB143F}.Release|Any CPU.ActiveCfg = Release|Any CPU
		{225414C9-CDBC-4411-B2E2-7AAB37FB143F}.Release|Any CPU.Build.0 = Release|Any CPU
		{225414C9-CDBC-4411-B2E2-7AAB37FB143F}.Release|x64.ActiveCfg = Release|Any CPU
		{225414C9-CDBC-4411-B2E2-7AAB37FB143F}.Release|x64.Build.0 = Release|Any CPU
		{225414C9-CDBC-4411-B2E2-7AAB37FB143F}.Release|x86.ActiveCfg = Release|Any CPU
		{225414C9-CDBC-4411-B2E2-7AAB37FB143F}.Release|x86.Build.0 = Release|Any CPU
		{54BCC52D-09D9-469F-B565-09FEAF528006}.Debug|Any CPU.ActiveCfg = Debug|Any CPU
		{54BCC52D-09D9-469F-B565-09FEAF528006}.Debug|Any CPU.Build.0 = Debug|Any CPU
		{54BCC52D-09D9-469F-B565-09FEAF528006}.Debug|x64.ActiveCfg = Debug|Any CPU
		{54BCC52D-09D9-469F-B565-09FEAF528006}.Debug|x64.Build.0 = Debug|Any CPU
		{54BCC52D-09D9-469F-B565-09FEAF528006}.Debug|x86.ActiveCfg = Debug|Any CPU
		{54BCC52D-09D9-469F-B565-09FEAF528006}.Debug|x86.Build.0 = Debug|Any CPU
		{54BCC52D-09D9-469F-B565-09FEAF528006}.Release|Any CPU.ActiveCfg = Release|Any CPU
		{54BCC52D-09D9-469F-B565-09FEAF528006}.Release|Any CPU.Build.0 = Release|Any CPU
		{54BCC52D-09D9-469F-B565-09FEAF528006}.Release|x64.ActiveCfg = Release|Any CPU
		{54BCC52D-09D9-469F-B565-09FEAF528006}.Release|x64.Build.0 = Release|Any CPU
		{54BCC52D-09D9-469F-B565-09FEAF528006}.Release|x86.ActiveCfg = Release|Any CPU
		{54BCC52D-09D9-469F-B565-09FEAF528006}.Release|x86.Build.0 = Release|Any CPU
	EndGlobalSection
EndGlobal
